
Microsoft Visual Studio Solution File, Format Version 12.00
# Visual Studio Version 17
VisualStudioVersion = 17.1.32210.238
MinimumVisualStudioVersion = 10.0.40219.1
Project("{FAE04EC0-301F-11D3-BF4B-00C04F79EFBC}") = "clicker", "clicker\clicker.csproj", "{67C9710E-C274-4303-B22D-6CE5DFA863BF}"
EndProject
Global
	GlobalSection(SolutionConfigurationPlatforms) = preSolution
		Debug|Any CPU = Debug|Any CPU
		Release|Any CPU = Release|Any CPU
	EndGlobalSection
	GlobalSection(ProjectConfigurationPlatforms) = postSolution
		{67C9710E-C274-4303-B22D-6CE5DFA863BF}.Debug|Any CPU.ActiveCfg = Debug|Any CPU
		{67C9710E-C274-4303-B22D-6CE5DFA863BF}.Debug|Any CPU.Build.0 = Debug|Any CPU
		{67C9710E-C274-4303-B22D-6CE5DFA863BF}.Release|Any CPU.ActiveCfg = Release|Any CPU
		{67C9710E-C274-4303-B22D-6CE5DFA863BF}.Release|Any CPU.Build.0 = Release|Any CPU
	EndGlobalSection
	GlobalSection(SolutionProperties) = preSolution
		HideSolutionNode = FALSE
	EndGlobalSection
	GlobalSection(ExtensibilityGlobals) = postSolution
		SolutionGuid = {C8AD97D5-7C06-4623-8160-CD0EFA7BED74}
	EndGlobalSection
EndGlobal
